
Microsoft Visual Studio Solution File, Format Version 12.00
# Visual Studio Version 16
VisualStudioVersion = 16.0.29411.108
MinimumVisualStudioVersion = 10.0.40219.1
Project("{FAE04EC0-301F-11D3-BF4B-00C04F79EFBC}") = "Core.Web", "Core.Web\Core.Web.csproj", "{FBFAA9DA-F1A5-454A-AAC5-A9C6C3C87E09}"
EndProject
Global
	GlobalSection(SolutionConfigurationPlatforms) = preSolution
		Debug|Any CPU = Debug|Any CPU
		Release|Any CPU = Release|Any CPU
	EndGlobalSection
	GlobalSection(ProjectConfigurationPlatforms) = postSolution
		{FBFAA9DA-F1A5-454A-AAC5-A9C6C3C87E09}.Debug|Any CPU.ActiveCfg = Debug|Any CPU
		{FBFAA9DA-F1A5-454A-AAC5-A9C6C3C87E09}.Debug|Any CPU.Build.0 = Debug|Any CPU
		{FBFAA9DA-F1A5-454A-AAC5-A9C6C3C87E09}.Release|Any CPU.ActiveCfg = Release|Any CPU
		{FBFAA9DA-F1A5-454A-AAC5-A9C6C3C87E09}.Release|Any CPU.Build.0 = Release|Any CPU
	EndGlobalSection
	GlobalSection(SolutionProperties) = preSolution
		HideSolutionNode = FALSE
	EndGlobalSection
	GlobalSection(ExtensibilityGlobals) = postSolution
		SolutionGuid = {1A3CD7DD-5A1E-461C-BE4D-20F91A52FEEF}
	EndGlobalSection
EndGlobal
